
Microsoft Visual Studio Solution File, Format Version 12.00
# Visual Studio Version 16
VisualStudioVersion = 16.0.31205.134
MinimumVisualStudioVersion = 10.0.40219.1
Project("{9A19103F-16F7-4668-BE54-9A1E7A4F7556}") = "Robot", "Robot\Robot.csproj", "{D77A31DB-9A07-44DE-9C7A-EDC3BB8B578B}"
EndProject
Project("{FAE04EC0-301F-11D3-BF4B-00C04F79EFBC}") = "RobotTests", "RobotTests\RobotTests.csproj", "{6D580AA8-4BB6-49E1-94C0-E9EE0F45FC70}"
EndProject
Global
	GlobalSection(SolutionConfigurationPlatforms) = preSolution
		Debug|Any CPU = Debug|Any CPU
		Release|Any CPU = Release|Any CPU
	EndGlobalSection
	GlobalSection(ProjectConfigurationPlatforms) = postSolution
		{D77A31DB-9A07-44DE-9C7A-EDC3BB8B578B}.Debug|Any CPU.ActiveCfg = Debug|Any CPU
		{D77A31DB-9A07-44DE-9C7A-EDC3BB8B578B}.Debug|Any CPU.Build.0 = Debug|Any CPU
		{D77A31DB-9A07-44DE-9C7A-EDC3BB8B578B}.Release|Any CPU.ActiveCfg = Release|Any CPU
		{D77A31DB-9A07-44DE-9C7A-EDC3BB8B578B}.Release|Any CPU.Build.0 = Release|Any CPU
		{6D580AA8-4BB6-49E1-94C0-E9EE0F45FC70}.Debug|Any CPU.ActiveCfg = Debug|Any CPU
		{6D580AA8-4BB6-49E1-94C0-E9EE0F45FC70}.Debug|Any CPU.Build.0 = Debug|Any CPU
		{6D580AA8-4BB6-49E1-94C0-E9EE0F45FC70}.Release|Any CPU.ActiveCfg = Release|Any CPU
		{6D580AA8-4BB6-49E1-94C0-E9EE0F45FC70}.Release|Any CPU.Build.0 = Release|Any CPU
	EndGlobalSection
	GlobalSection(SolutionProperties) = preSolution
		HideSolutionNode = FALSE
	EndGlobalSection
	GlobalSection(ExtensibilityGlobals) = postSolution
		SolutionGuid = {A0DFE625-C5EF-4200-82BD-CD7643C3F100}
	EndGlobalSection
EndGlobal
